// !$*UTF8*$!
{
	archiveVersion = 1;
	classes = {
	};
	objectVersion = 56;
	objects = {

/* Begin PBXBuildFile section */
		2A0C11692A6EF77D000BF013 /* chat223App.swift in Sources */ = {isa = PBXBuildFile; fileRef = 2A0C11682A6EF77D000BF013 /* chat223App.swift */; };
		2A0C116B2A6EF77D000BF013 /* ContentView.swift in Sources */ = {isa = PBXBuildFile; fileRef = 2A0C116A2A6EF77D000BF013 /* ContentView.swift */; };
		2A0C116D2A6EF77F000BF013 /* Assets.xcassets in Resources */ = {isa = PBXBuildFile; fileRef = 2A0C116C2A6EF77F000BF013 /* Assets.xcassets */; };
		2A0C11702A6EF77F000BF013 /* Preview Assets.xcassets in Resources */ = {isa = PBXBuildFile; fileRef = 2A0C116F2A6EF77F000BF013 /* Preview Assets.xcassets */; };
		2A0C11722A6EF77F000BF013 /* Persistence.swift in Sources */ = {isa = PBXBuildFile; fileRef = 2A0C11712A6EF77F000BF013 /* Persistence.swift */; };
		2A0C11752A6EF77F000BF013 /* CoreDataManager.xcdatamodeld in Sources */ = {isa = PBXBuildFile; fileRef = 2A0C11732A6EF77F000BF013 /* CoreDataManager.xcdatamodeld */; };
		2A0C117E2A6FA86C000BF013 /* ChatModel.swift in Sources */ = {isa = PBXBuildFile; fileRef = 2A0C117D2A6FA86C000BF013 /* ChatModel.swift */; };
		2A0C11802A6FBF30000BF013 /* Date+Helpers.swift in Sources */ = {isa = PBXBuildFile; fileRef = 2A0C117F2A6FBF30000BF013 /* Date+Helpers.swift */; };
		2A0C11822A6FC6E5000BF013 /* ChatViewModel.swift in Sources */ = {isa = PBXBuildFile; fileRef = 2A0C11812A6FC6E5000BF013 /* ChatViewModel.swift */; };
		2A0C11842A6FCBCE000BF013 /* ChatView.swift in Sources */ = {isa = PBXBuildFile; fileRef = 2A0C11832A6FCBCE000BF013 /* ChatView.swift */; };
		2A0ECFAC2A7F6522004209A2 /* ChatList.swift in Sources */ = {isa = PBXBuildFile; fileRef = 2A0ECFAB2A7F6522004209A2 /* ChatList.swift */; };
		2A0ECFB12A7F878B004209A2 /* SQLite in Frameworks */ = {isa = PBXBuildFile; productRef = 2A0ECFB02A7F878B004209A2 /* SQLite */; };
		2A0ECFB32A7F87EB004209A2 /* SQLiteManager.swift in Sources */ = {isa = PBXBuildFile; fileRef = 2A0ECFB22A7F87EB004209A2 /* SQLiteManager.swift */; };
		2A8C064A2A7C0AFD0028892F /* Chat+CoreDataProperties.swift in Sources */ = {isa = PBXBuildFile; fileRef = 2A8C06462A7C0AFC0028892F /* Chat+CoreDataProperties.swift */; };
		2A8C064B2A7C0AFD0028892F /* Message+CoreDataProperties.swift in Sources */ = {isa = PBXBuildFile; fileRef = 2A8C06472A7C0AFD0028892F /* Message+CoreDataProperties.swift */; };
		2A8C064C2A7C0AFD0028892F /* Person+CoreDataClass.swift in Sources */ = {isa = PBXBuildFile; fileRef = 2A8C06482A7C0AFD0028892F /* Person+CoreDataClass.swift */; };
		2A8C064D2A7C0AFD0028892F /* Person+CoreDataProperties.swift in Sources */ = {isa = PBXBuildFile; fileRef = 2A8C06492A7C0AFD0028892F /* Person+CoreDataProperties.swift */; };
		2AEA1F312A75792A00C7CB74 /* XMPPFramework in Frameworks */ = {isa = PBXBuildFile; productRef = 2AEA1F302A75792A00C7CB74 /* XMPPFramework */; };
		2AEA1F332A75792A00C7CB74 /* XMPPFrameworkSwift in Frameworks */ = {isa = PBXBuildFile; productRef = 2AEA1F322A75792A00C7CB74 /* XMPPFrameworkSwift */; };
		2AEA1F352A757C2800C7CB74 /* XMPPManager.swift in Sources */ = {isa = PBXBuildFile; fileRef = 2AEA1F342A757C2800C7CB74 /* XMPPManager.swift */; };
/* End PBXBuildFile section */

/* Begin PBXFileReference section */
		2A0C11652A6EF77D000BF013 /* chat223.app */ = {isa = PBXFileReference; explicitFileType = wrapper.application; includeInIndex = 0; path = chat223.app; sourceTree = BUILT_PRODUCTS_DIR; };
		2A0C11682A6EF77D000BF013 /* chat223App.swift */ = {isa = PBXFileReference; lastKnownFileType = sourcecode.swift; path = chat223App.swift; sourceTree = "<group>"; };
		2A0C116A2A6EF77D000BF013 /* ContentView.swift */ = {isa = PBXFileReference; lastKnownFileType = sourcecode.swift; path = ContentView.swift; sourceTree = "<group>"; };
		2A0C116C2A6EF77F000BF013 /* Assets.xcassets */ = {isa = PBXFileReference; lastKnownFileType = folder.assetcatalog; path = Assets.xcassets; sourceTree = "<group>"; };
		2A0C116F2A6EF77F000BF013 /* Preview Assets.xcassets */ = {isa = PBXFileReference; lastKnownFileType = folder.assetcatalog; path = "Preview Assets.xcassets"; sourceTree = "<group>"; };
		2A0C11712A6EF77F000BF013 /* Persistence.swift */ = {isa = PBXFileReference; lastKnownFileType = sourcecode.swift; path = Persistence.swift; sourceTree = "<group>"; };
		2A0C11742A6EF77F000BF013 /* chat223.xcdatamodel */ = {isa = PBXFileReference; lastKnownFileType = wrapper.xcdatamodel; path = chat223.xcdatamodel; sourceTree = "<group>"; };
		2A0C117D2A6FA86C000BF013 /* ChatModel.swift */ = {isa = PBXFileReference; lastKnownFileType = sourcecode.swift; path = ChatModel.swift; sourceTree = "<group>"; };
		2A0C117F2A6FBF30000BF013 /* Date+Helpers.swift */ = {isa = PBXFileReference; lastKnownFileType = sourcecode.swift; path = "Date+Helpers.swift"; sourceTree = "<group>"; };
		2A0C11812A6FC6E5000BF013 /* ChatViewModel.swift */ = {isa = PBXFileReference; lastKnownFileType = sourcecode.swift; path = ChatViewModel.swift; sourceTree = "<group>"; };
		2A0C11832A6FCBCE000BF013 /* ChatView.swift */ = {isa = PBXFileReference; lastKnownFileType = sourcecode.swift; path = ChatView.swift; sourceTree = "<group>"; };
		2A0ECFAB2A7F6522004209A2 /* ChatList.swift */ = {isa = PBXFileReference; lastKnownFileType = sourcecode.swift; path = ChatList.swift; sourceTree = "<group>"; };
		2A0ECFB22A7F87EB004209A2 /* SQLiteManager.swift */ = {isa = PBXFileReference; lastKnownFileType = sourcecode.swift; path = SQLiteManager.swift; sourceTree = "<group>"; };
		2A8C06462A7C0AFC0028892F /* Chat+CoreDataProperties.swift */ = {isa = PBXFileReference; lastKnownFileType = sourcecode.swift; path = "Chat+CoreDataProperties.swift"; sourceTree = "<group>"; };
		2A8C06472A7C0AFD0028892F /* Message+CoreDataProperties.swift */ = {isa = PBXFileReference; lastKnownFileType = sourcecode.swift; path = "Message+CoreDataProperties.swift"; sourceTree = "<group>"; };
		2A8C06482A7C0AFD0028892F /* Person+CoreDataClass.swift */ = {isa = PBXFileReference; lastKnownFileType = sourcecode.swift; path = "Person+CoreDataClass.swift"; sourceTree = "<group>"; };
		2A8C06492A7C0AFD0028892F /* Person+CoreDataProperties.swift */ = {isa = PBXFileReference; lastKnownFileType = sourcecode.swift; path = "Person+CoreDataProperties.swift"; sourceTree = "<group>"; };
		2AEA1F342A757C2800C7CB74 /* XMPPManager.swift */ = {isa = PBXFileReference; lastKnownFileType = sourcecode.swift; path = XMPPManager.swift; sourceTree = "<group>"; };
/* End PBXFileReference section */

/* Begin PBXFrameworksBuildPhase section */
		2A0C11622A6EF77D000BF013 /* Frameworks */ = {
			isa = PBXFrameworksBuildPhase;
			buildActionMask = 2147483647;
			files = (
				2A0ECFB12A7F878B004209A2 /* SQLite in Frameworks */,
				2AEA1F332A75792A00C7CB74 /* XMPPFrameworkSwift in Frameworks */,
				2AEA1F312A75792A00C7CB74 /* XMPPFramework in Frameworks */,
			);
			runOnlyForDeploymentPostprocessing = 0;
		};
/* End PBXFrameworksBuildPhase section */

/* Begin PBXGroup section */
		2A0C115C2A6EF77D000BF013 = {
			isa = PBXGroup;
			children = (
				2A0C11672A6EF77D000BF013 /* chat223 */,
				2A0C11662A6EF77D000BF013 /* Products */,
			);
			sourceTree = "<group>";
		};
		2A0C11662A6EF77D000BF013 /* Products */ = {
			isa = PBXGroup;
			children = (
				2A0C11652A6EF77D000BF013 /* chat223.app */,
			);
			name = Products;
			sourceTree = "<group>";
		};
		2A0C11672A6EF77D000BF013 /* chat223 */ = {
			isa = PBXGroup;
			children = (
				2A0C11682A6EF77D000BF013 /* chat223App.swift */,
				2A0C116A2A6EF77D000BF013 /* ContentView.swift */,
				2A0C11832A6FCBCE000BF013 /* ChatView.swift */,
				2A0C11812A6FC6E5000BF013 /* ChatViewModel.swift */,
				2A0ECFAB2A7F6522004209A2 /* ChatList.swift */,
				2A0C117F2A6FBF30000BF013 /* Date+Helpers.swift */,
				2A0C117D2A6FA86C000BF013 /* ChatModel.swift */,
				2AEA1F342A757C2800C7CB74 /* XMPPManager.swift */,
				2A0ECFB22A7F87EB004209A2 /* SQLiteManager.swift */,
				2A0C116C2A6EF77F000BF013 /* Assets.xcassets */,
				2A0C11712A6EF77F000BF013 /* Persistence.swift */,
				2A0C11732A6EF77F000BF013 /* CoreDataManager.xcdatamodeld */,
				2A0C116E2A6EF77F000BF013 /* Preview Content */,
			);
			path = chat223;
			sourceTree = "<group>";
		};
		2A0C116E2A6EF77F000BF013 /* Preview Content */ = {
			isa = PBXGroup;
			children = (
				2A0C116F2A6EF77F000BF013 /* Preview Assets.xcassets */,
				2A8C06462A7C0AFC0028892F /* Chat+CoreDataProperties.swift */,
				2A8C06472A7C0AFD0028892F /* Message+CoreDataProperties.swift */,
				2A8C06482A7C0AFD0028892F /* Person+CoreDataClass.swift */,
				2A8C06492A7C0AFD0028892F /* Person+CoreDataProperties.swift */,
			);
			path = "Preview Content";
			sourceTree = "<group>";
		};
/* End PBXGroup section */

/* Begin PBXNativeTarget section */
		2A0C11642A6EF77D000BF013 /* chat223 */ = {
			isa = PBXNativeTarget;
			buildConfigurationList = 2A0C11782A6EF77F000BF013 /* Build configuration list for PBXNativeTarget "chat223" */;
			buildPhases = (
				2A0C11612A6EF77D000BF013 /* Sources */,
				2A0C11622A6EF77D000BF013 /* Frameworks */,
				2A0C11632A6EF77D000BF013 /* Resources */,
			);
			buildRules = (
			);
			dependencies = (
			);
			name = chat223;
			packageProductDependencies = (
				2AEA1F302A75792A00C7CB74 /* XMPPFramework */,
				2AEA1F322A75792A00C7CB74 /* XMPPFrameworkSwift */,
				2A0ECFB02A7F878B004209A2 /* SQLite */,
			);
			productName = chat223;
			productReference = 2A0C11652A6EF77D000BF013 /* chat223.app */;
			productType = "com.apple.product-type.application";
		};
/* End PBXNativeTarget section */

/* Begin PBXProject section */
		2A0C115D2A6EF77D000BF013 /* Project object */ = {
			isa = PBXProject;
			attributes = {
				BuildIndependentTargetsInParallel = 1;
				LastSwiftUpdateCheck = 1430;
				LastUpgradeCheck = 1430;
				TargetAttributes = {
					2A0C11642A6EF77D000BF013 = {
						CreatedOnToolsVersion = 14.3.1;
					};
				};
			};
			buildConfigurationList = 2A0C11602A6EF77D000BF013 /* Build configuration list for PBXProject "chat223" */;
			compatibilityVersion = "Xcode 14.0";
			developmentRegion = en;
			hasScannedForEncodings = 0;
			knownRegions = (
				en,
				Base,
			);
			mainGroup = 2A0C115C2A6EF77D000BF013;
			packageReferences = (
				2AEA1F2F2A75792A00C7CB74 /* XCRemoteSwiftPackageReference "XMPPFramework" */,
				2A0ECFAF2A7F878B004209A2 /* XCRemoteSwiftPackageReference "SQLite.swift" */,
				2A0ECFB42A7F96D7004209A2 /* XCRemoteSwiftPackageReference "GRDB.swift" */,
			);
			productRefGroup = 2A0C11662A6EF77D000BF013 /* Products */;
			projectDirPath = "";
			projectRoot = "";
			targets = (
				2A0C11642A6EF77D000BF013 /* chat223 */,
			);
		};
/* End PBXProject section */

/* Begin PBXResourcesBuildPhase section */
		2A0C11632A6EF77D000BF013 /* Resources */ = {
			isa = PBXResourcesBuildPhase;
			buildActionMask = 2147483647;
			files = (
				2A0C11702A6EF77F000BF013 /* Preview Assets.xcassets in Resources */,
				2A0C116D2A6EF77F000BF013 /* Assets.xcassets in Resources */,
			);
			runOnlyForDeploymentPostprocessing = 0;
		};
/* End PBXResourcesBuildPhase section */

/* Begin PBXSourcesBuildPhase section */
		2A0C11612A6EF77D000BF013 /* Sources */ = {
			isa = PBXSourcesBuildPhase;
			buildActionMask = 2147483647;
			files = (
				2A0ECFAC2A7F6522004209A2 /* ChatList.swift in Sources */,
				2A0C11722A6EF77F000BF013 /* Persistence.swift in Sources */,
				2A0C116B2A6EF77D000BF013 /* ContentView.swift in Sources */,
				2A0C11822A6FC6E5000BF013 /* ChatViewModel.swift in Sources */,
				2A8C064A2A7C0AFD0028892F /* Chat+CoreDataProperties.swift in Sources */,
				2A0C11802A6FBF30000BF013 /* Date+Helpers.swift in Sources */,
				2AEA1F352A757C2800C7CB74 /* XMPPManager.swift in Sources */,
				2A0ECFB32A7F87EB004209A2 /* SQLiteManager.swift in Sources */,
				2A8C064B2A7C0AFD0028892F /* Message+CoreDataProperties.swift in Sources */,
				2A0C11842A6FCBCE000BF013 /* ChatView.swift in Sources */,
				2A8C064C2A7C0AFD0028892F /* Person+CoreDataClass.swift in Sources */,
				2A0C11692A6EF77D000BF013 /* chat223App.swift in Sources */,
				2A8C064D2A7C0AFD0028892F /* Person+CoreDataProperties.swift in Sources */,
				2A0C11752A6EF77F000BF013 /* CoreDataManager.xcdatamodeld in Sources */,
				2A0C117E2A6FA86C000BF013 /* ChatModel.swift in Sources */,
			);
			runOnlyForDeploymentPostprocessing = 0;
		};
/* End PBXSourcesBuildPhase section */

/* Begin XCBuildConfiguration section */
		2A0C11762A6EF77F000BF013 /* Debug */ = {
			isa = XCBuildConfiguration;
			buildSettings = {
				ALWAYS_SEARCH_USER_PATHS = NO;
				CLANG_ANALYZER_NONNULL = YES;
				CLANG_ANALYZER_NUMBER_OBJECT_CONVERSION = YES_AGGRESSIVE;
				CLANG_CXX_LANGUAGE_STANDARD = "gnu++20";
				CLANG_ENABLE_MODULES = YES;
				CLANG_ENABLE_OBJC_ARC = YES;
				CLANG_ENABLE_OBJC_WEAK = YES;
				CLANG_WARN_BLOCK_CAPTURE_AUTORELEASING = YES;
				CLANG_WARN_BOOL_CONVERSION = YES;
				CLANG_WARN_COMMA = YES;
				CLANG_WARN_CONSTANT_CONVERSION = YES;
				CLANG_WARN_DEPRECATED_OBJC_IMPLEMENTATIONS = YES;
				CLANG_WARN_DIRECT_OBJC_ISA_USAGE = YES_ERROR;
				CLANG_WARN_DOCUMENTATION_COMMENTS = YES;
				CLANG_WARN_EMPTY_BODY = YES;
				CLANG_WARN_ENUM_CONVERSION = YES;
				CLANG_WARN_INFINITE_RECURSION = YES;
				CLANG_WARN_INT_CONVERSION = YES;
				CLANG_WARN_NON_LITERAL_NULL_CONVERSION = YES;
				CLANG_WARN_OBJC_IMPLICIT_RETAIN_SELF = YES;
				CLANG_WARN_OBJC_LITERAL_CONVERSION = YES;
				CLANG_WARN_OBJC_ROOT_CLASS = YES_ERROR;
				CLANG_WARN_QUOTED_INCLUDE_IN_FRAMEWORK_HEADER = YES;
				CLANG_WARN_RANGE_LOOP_ANALYSIS = YES;
				CLANG_WARN_STRICT_PROTOTYPES = YES;
				CLANG_WARN_SUSPICIOUS_MOVE = YES;
				CLANG_WARN_UNGUARDED_AVAILABILITY = YES_AGGRESSIVE;
				CLANG_WARN_UNREACHABLE_CODE = YES;
				CLANG_WARN__DUPLICATE_METHOD_MATCH = YES;
				COPY_PHASE_STRIP = NO;
				DEBUG_INFORMATION_FORMAT = dwarf;
				ENABLE_STRICT_OBJC_MSGSEND = YES;
				ENABLE_TESTABILITY = YES;
				GCC_C_LANGUAGE_STANDARD = gnu11;
				GCC_DYNAMIC_NO_PIC = NO;
				GCC_NO_COMMON_BLOCKS = YES;
				GCC_OPTIMIZATION_LEVEL = 0;
				GCC_PREPROCESSOR_DEFINITIONS = (
					"DEBUG=1",
					"$(inherited)",
				);
				GCC_WARN_64_TO_32_BIT_CONVERSION = YES;
				GCC_WARN_ABOUT_RETURN_TYPE = YES_ERROR;
				GCC_WARN_UNDECLARED_SELECTOR = YES;
				GCC_WARN_UNINITIALIZED_AUTOS = YES_AGGRESSIVE;
				GCC_WARN_UNUSED_FUNCTION = YES;
				GCC_WARN_UNUSED_VARIABLE = YES;
				IPHONEOS_DEPLOYMENT_TARGET = 16.4;
				MTL_ENABLE_DEBUG_INFO = INCLUDE_SOURCE;
				MTL_FAST_MATH = YES;
				ONLY_ACTIVE_ARCH = YES;
				SDKROOT = iphoneos;
				SWIFT_ACTIVE_COMPILATION_CONDITIONS = DEBUG;
				SWIFT_OPTIMIZATION_LEVEL = "-Onone";
			};
			name = Debug;
		};
		2A0C11772A6EF77F000BF013 /* Release */ = {
			isa = XCBuildConfiguration;
			buildSettings = {
				ALWAYS_SEARCH_USER_PATHS = NO;
				CLANG_ANALYZER_NONNULL = YES;
				CLANG_ANALYZER_NUMBER_OBJECT_CONVERSION = YES_AGGRESSIVE;
				CLANG_CXX_LANGUAGE_STANDARD = "gnu++20";
				CLANG_ENABLE_MODULES = YES;
				CLANG_ENABLE_OBJC_ARC = YES;
				CLANG_ENABLE_OBJC_WEAK = YES;
				CLANG_WARN_BLOCK_CAPTURE_AUTORELEASING = YES;
				CLANG_WARN_BOOL_CONVERSION = YES;
				CLANG_WARN_COMMA = YES;
				CLANG_WARN_CONSTANT_CONVERSION = YES;
				CLANG_WARN_DEPRECATED_OBJC_IMPLEMENTATIONS = YES;
				CLANG_WARN_DIRECT_OBJC_ISA_USAGE = YES_ERROR;
				CLANG_WARN_DOCUMENTATION_COMMENTS = YES;
				CLANG_WARN_EMPTY_BODY = YES;
				CLANG_WARN_ENUM_CONVERSION = YES;
				CLANG_WARN_INFINITE_RECURSION = YES;
				CLANG_WARN_INT_CONVERSION = YES;
				CLANG_WARN_NON_LITERAL_NULL_CONVERSION = YES;
				CLANG_WARN_OBJC_IMPLICIT_RETAIN_SELF = YES;
				CLANG_WARN_OBJC_LITERAL_CONVERSION = YES;
				CLANG_WARN_OBJC_ROOT_CLASS = YES_ERROR;
				CLANG_WARN_QUOTED_INCLUDE_IN_FRAMEWORK_HEADER = YES;
				CLANG_WARN_RANGE_LOOP_ANALYSIS = YES;
				CLANG_WARN_STRICT_PROTOTYPES = YES;
				CLANG_WARN_SUSPICIOUS_MOVE = YES;
				CLANG_WARN_UNGUARDED_AVAILABILITY = YES_AGGRESSIVE;
				CLANG_WARN_UNREACHABLE_CODE = YES;
				CLANG_WARN__DUPLICATE_METHOD_MATCH = YES;
				COPY_PHASE_STRIP = NO;
				DEBUG_INFORMATION_FORMAT = "dwarf-with-dsym";
				ENABLE_NS_ASSERTIONS = NO;
				ENABLE_STRICT_OBJC_MSGSEND = YES;
				GCC_C_LANGUAGE_STANDARD = gnu11;
				GCC_NO_COMMON_BLOCKS = YES;
				GCC_WARN_64_TO_32_BIT_CONVERSION = YES;
				GCC_WARN_ABOUT_RETURN_TYPE = YES_ERROR;
				GCC_WARN_UNDECLARED_SELECTOR = YES;
				GCC_WARN_UNINITIALIZED_AUTOS = YES_AGGRESSIVE;
				GCC_WARN_UNUSED_FUNCTION = YES;
				GCC_WARN_UNUSED_VARIABLE = YES;
				IPHONEOS_DEPLOYMENT_TARGET = 16.4;
				MTL_ENABLE_DEBUG_INFO = NO;
				MTL_FAST_MATH = YES;
				SDKROOT = iphoneos;
				SWIFT_COMPILATION_MODE = wholemodule;
				SWIFT_OPTIMIZATION_LEVEL = "-O";
				VALIDATE_PRODUCT = YES;
			};
			name = Release;
		};
		2A0C11792A6EF77F000BF013 /* Debug */ = {
			isa = XCBuildConfiguration;
			buildSettings = {
				ASSETCATALOG_COMPILER_APPICON_NAME = AppIcon;
				ASSETCATALOG_COMPILER_GLOBAL_ACCENT_COLOR_NAME = AccentColor;
				CODE_SIGN_STYLE = Automatic;
				CURRENT_PROJECT_VERSION = 1;
				DEVELOPMENT_ASSET_PATHS = "\"chat223/Preview Content\"";
				ENABLE_PREVIEWS = YES;
				GENERATE_INFOPLIST_FILE = YES;
				INFOPLIST_KEY_UIApplicationSceneManifest_Generation = YES;
				INFOPLIST_KEY_UIApplicationSupportsIndirectInputEvents = YES;
				INFOPLIST_KEY_UILaunchScreen_Generation = YES;
				INFOPLIST_KEY_UISupportedInterfaceOrientations_iPad = "UIInterfaceOrientationPortrait UIInterfaceOrientationPortraitUpsideDown UIInterfaceOrientationLandscapeLeft UIInterfaceOrientationLandscapeRight";
				INFOPLIST_KEY_UISupportedInterfaceOrientations_iPhone = "UIInterfaceOrientationPortrait UIInterfaceOrientationLandscapeLeft UIInterfaceOrientationLandscapeRight";
				LD_RUNPATH_SEARCH_PATHS = (
					"$(inherited)",
					"@executable_path/Frameworks",
				);
				MARKETING_VERSION = 1.0;
				PRODUCT_BUNDLE_IDENTIFIER = safarifont.chat223;
				PRODUCT_NAME = "$(TARGET_NAME)";
				SWIFT_EMIT_LOC_STRINGS = YES;
				SWIFT_VERSION = 5.0;
				TARGETED_DEVICE_FAMILY = "1,2";
			};
			name = Debug;
		};
		2A0C117A2A6EF77F000BF013 /* Release */ = {
			isa = XCBuildConfiguration;
			buildSettings = {
				ASSETCATALOG_COMPILER_APPICON_NAME = AppIcon;
				ASSETCATALOG_COMPILER_GLOBAL_ACCENT_COLOR_NAME = AccentColor;
				CODE_SIGN_STYLE = Automatic;
				CURRENT_PROJECT_VERSION = 1;
				DEVELOPMENT_ASSET_PATHS = "\"chat223/Preview Content\"";
				ENABLE_PREVIEWS = YES;
				GENERATE_INFOPLIST_FILE = YES;
				INFOPLIST_KEY_UIApplicationSceneManifest_Generation = YES;
				INFOPLIST_KEY_UIApplicationSupportsIndirectInputEvents = YES;
				INFOPLIST_KEY_UILaunchScreen_Generation = YES;
				INFOPLIST_KEY_UISupportedInterfaceOrientations_iPad = "UIInterfaceOrientationPortrait UIInterfaceOrientationPortraitUpsideDown UIInterfaceOrientationLandscapeLeft UIInterfaceOrientationLandscapeRight";
				INFOPLIST_KEY_UISupportedInterfaceOrientations_iPhone = "UIInterfaceOrientationPortrait UIInterfaceOrientationLandscapeLeft UIInterfaceOrientationLandscapeRight";
				LD_RUNPATH_SEARCH_PATHS = (
					"$(inherited)",
					"@executable_path/Frameworks",
				);
				MARKETING_VERSION = 1.0;
				PRODUCT_BUNDLE_IDENTIFIER = safarifont.chat223;
				PRODUCT_NAME = "$(TARGET_NAME)";
				SWIFT_EMIT_LOC_STRINGS = YES;
				SWIFT_VERSION = 5.0;
				TARGETED_DEVICE_FAMILY = "1,2";
			};
			name = Release;
		};
/* End XCBuildConfiguration section */

/* Begin XCConfigurationList section */
		2A0C11602A6EF77D000BF013 /* Build configuration list for PBXProject "chat223" */ = {
			isa = XCConfigurationList;
			buildConfigurations = (
				2A0C11762A6EF77F000BF013 /* Debug */,
				2A0C11772A6EF77F000BF013 /* Release */,
			);
			defaultConfigurationIsVisible = 0;
			defaultConfigurationName = Release;
		};
		2A0C11782A6EF77F000BF013 /* Build configuration list for PBXNativeTarget "chat223" */ = {
			isa = XCConfigurationList;
			buildConfigurations = (
				2A0C11792A6EF77F000BF013 /* Debug */,
				2A0C117A2A6EF77F000BF013 /* Release */,
			);
			defaultConfigurationIsVisible = 0;
			defaultConfigurationName = Release;
		};
/* End XCConfigurationList section */

/* Begin XCRemoteSwiftPackageReference section */
		2A0ECFAF2A7F878B004209A2 /* XCRemoteSwiftPackageReference "SQLite.swift" */ = {
			isa = XCRemoteSwiftPackageReference;
			repositoryURL = "https://github.com/stephencelis/SQLite.swift.git";
			requirement = {
				kind = upToNextMajorVersion;
				minimumVersion = 0.14.1;
			};
		};
		2A0ECFB42A7F96D7004209A2 /* XCRemoteSwiftPackageReference "GRDB.swift" */ = {
			isa = XCRemoteSwiftPackageReference;
			repositoryURL = "https://github.com/groue/GRDB.swift.git";
			requirement = {
				branch = master;
				kind = branch;
			};
		};
		2AEA1F2F2A75792A00C7CB74 /* XCRemoteSwiftPackageReference "XMPPFramework" */ = {
			isa = XCRemoteSwiftPackageReference;
			repositoryURL = "https://github.com/robbiehanson/XMPPFramework";
			requirement = {
				kind = upToNextMajorVersion;
				minimumVersion = 4.0.0;
			};
		};
/* End XCRemoteSwiftPackageReference section */

/* Begin XCSwiftPackageProductDependency section */
		2A0ECFB02A7F878B004209A2 /* SQLite */ = {
			isa = XCSwiftPackageProductDependency;
			package = 2A0ECFAF2A7F878B004209A2 /* XCRemoteSwiftPackageReference "SQLite.swift" */;
			productName = SQLite;
		};
		2AEA1F302A75792A00C7CB74 /* XMPPFramework */ = {
			isa = XCSwiftPackageProductDependency;
			package = 2AEA1F2F2A75792A00C7CB74 /* XCRemoteSwiftPackageReference "XMPPFramework" */;
			productName = XMPPFramework;
		};
		2AEA1F322A75792A00C7CB74 /* XMPPFrameworkSwift */ = {
			isa = XCSwiftPackageProductDependency;
			package = 2AEA1F2F2A75792A00C7CB74 /* XCRemoteSwiftPackageReference "XMPPFramework" */;
			productName = XMPPFrameworkSwift;
		};
/* End XCSwiftPackageProductDependency section */

/* Begin XCVersionGroup section */
		2A0C11732A6EF77F000BF013 /* CoreDataManager.xcdatamodeld */ = {
			isa = XCVersionGroup;
			children = (
				2A0C11742A6EF77F000BF013 /* chat223.xcdatamodel */,
			);
			currentVersion = 2A0C11742A6EF77F000BF013 /* chat223.xcdatamodel */;
			path = CoreDataManager.xcdatamodeld;
			sourceTree = "<group>";
			versionGroupType = wrapper.xcdatamodel;
		};
/* End XCVersionGroup section */
	};
	rootObject = 2A0C115D2A6EF77D000BF013 /* Project object */;
}
